
Microsoft Visual Studio Solution File, Format Version 12.00
# Visual Studio Version 16
VisualStudioVersion = 16.0.30711.63
MinimumVisualStudioVersion = 10.0.40219.1
Project("{FAE04EC0-301F-11D3-BF4B-00C04F79EFBC}") = "Objective1.1", "Objective1.1\Objective1.1.csproj", "{1AC86FB8-78AA-48DB-A686-D7B96AAD8246}"
EndProject
Project("{FAE04EC0-301F-11D3-BF4B-00C04F79EFBC}") = "Objective1.2", "Objective1.2\Objective1.2.csproj", "{50768875-FBB6-4CBF-B79E-AF5942BED86B}"
EndProject
Global
	GlobalSection(SolutionConfigurationPlatforms) = preSolution
		Debug|Any CPU = Debug|Any CPU
		Release|Any CPU = Release|Any CPU
	EndGlobalSection
	GlobalSection(ProjectConfigurationPlatforms) = postSolution
		{1AC86FB8-78AA-48DB-A686-D7B96AAD8246}.Debug|Any CPU.ActiveCfg = Debug|Any CPU
		{1AC86FB8-78AA-48DB-A686-D7B96AAD8246}.Debug|Any CPU.Build.0 = Debug|Any CPU
		{1AC86FB8-78AA-48DB-A686-D7B96AAD8246}.Release|Any CPU.ActiveCfg = Release|Any CPU
		{1AC86FB8-78AA-48DB-A686-D7B96AAD8246}.Release|Any CPU.Build.0 = Release|Any CPU
		{50768875-FBB6-4CBF-B79E-AF5942BED86B}.Debug|Any CPU.ActiveCfg = Debug|Any CPU
		{50768875-FBB6-4CBF-B79E-AF5942BED86B}.Debug|Any CPU.Build.0 = Debug|Any CPU
		{50768875-FBB6-4CBF-B79E-AF5942BED86B}.Release|Any CPU.ActiveCfg = Release|Any CPU
		{50768875-FBB6-4CBF-B79E-AF5942BED86B}.Release|Any CPU.Build.0 = Release|Any CPU
	EndGlobalSection
	GlobalSection(SolutionProperties) = preSolution
		HideSolutionNode = FALSE
	EndGlobalSection
	GlobalSection(ExtensibilityGlobals) = postSolution
		SolutionGuid = {BA30B691-DF43-4A42-9CE3-CD9570D85F56}
	EndGlobalSection
EndGlobal
